
Microsoft Visual Studio Solution File, Format Version 12.00
# Visual Studio Version 16
VisualStudioVersion = 16.0.31005.135
MinimumVisualStudioVersion = 10.0.40219.1
Project("{FAE04EC0-301F-11D3-BF4B-00C04F79EFBC}") = "DemoOyun", "DemoOyun\DemoOyun.csproj", "{CC748D4E-3A13-4F4F-AB48-EEB8672117B9}"
EndProject
Global
	GlobalSection(SolutionConfigurationPlatforms) = preSolution
		Debug|Any CPU = Debug|Any CPU
		Release|Any CPU = Release|Any CPU
	EndGlobalSection
	GlobalSection(ProjectConfigurationPlatforms) = postSolution
		{CC748D4E-3A13-4F4F-AB48-EEB8672117B9}.Debug|Any CPU.ActiveCfg = Debug|Any CPU
		{CC748D4E-3A13-4F4F-AB48-EEB8672117B9}.Debug|Any CPU.Build.0 = Debug|Any CPU
		{CC748D4E-3A13-4F4F-AB48-EEB8672117B9}.Release|Any CPU.ActiveCfg = Release|Any CPU
		{CC748D4E-3A13-4F4F-AB48-EEB8672117B9}.Release|Any CPU.Build.0 = Release|Any CPU
	EndGlobalSection
	GlobalSection(SolutionProperties) = preSolution
		HideSolutionNode = FALSE
	EndGlobalSection
	GlobalSection(ExtensibilityGlobals) = postSolution
		SolutionGuid = {27C828DE-0E34-4166-8C52-FBA876F2C576}
	EndGlobalSection
EndGlobal
